{
    "name": "aigit-monorepo",
    "version": "1.0.0",
    "lockfileVersion": 3,
    "requires": true,
    "packages": {
        "": {
            "name": "aigit-monorepo",
            "version": "1.0.0"
        },
        "../home/jules/.nvm/versions/node/v22.22.1/lib/node_modules/parse-spawn-args": {
            "version": "1.0.2",
            "license": "ISC"
        },
        "node_modules/parse-spawn-args": {
            "resolved": "../home/jules/.nvm/versions/node/v22.22.1/lib/node_modules/parse-spawn-args",
            "link": true
        }
    }
}
